lockfileVersion: '9.0'

settings:
  autoInstallPeers: true
  excludeLinksFromLockfile: false

importers:

  .:
    dependencies:
      '@quenty/binder':
        specifier: ^14.36.1
        version: 14.36.1
      '@quenty/clienttranslator':
        specifier: ^14.37.1
        version: 14.37.1
      '@quenty/cmdrservice':
        specifier: ^13.45.2
        version: 13.45.2
      '@quenty/loader':
        specifier: ^10.11.0
        version: 10.11.0
      '@quenty/nevermore-cli':
        specifier: ^4.33.1
        version: 4.33.1
      '@quenty/servicebag':
        specifier: ^11.18.1
        version: 11.18.1

packages:

  '@inquirer/ansi@2.0.7':
    resolution: {integrity: sha512-3eTuUO1vH2cZm2ZKHeQxnOqlTi9EfZDGgIe3BL3I4u+rJHocr9Fz86M4fjYABPvFnQG/gGK551HqDiIcETwU6Q==}
    engines: {node: '>=23.5.0 || ^22.13.0 || ^20.17.0'}

  '@inquirer/checkbox@5.2.1':
    resolution: {integrity: sha512-b6xmA/VlTe0ZgDQHDui+Nav470u7u49nRd8/iuhOcQPO9Ch7lGuogydhi2VOmNlZ+zXcM8IcPuNSwQcdJaF/kw==}
    engines: {node: '>=23.5.0 || ^22.13.0 || ^20.17.0'}
    peerDependencies:
      '@types/node': '>=18'
    peerDependenciesMeta:
      '@types/node':
        optional: true

  '@inquirer/confirm@6.1.1':
    resolution: {integrity: sha512-eb8DBZcz/2qHWQda4rk2JiQk5h9QV/cVHi1yjt0f69WFZMRFn0sJTye3EAP8icut8UDMjQPsaH5KbcOogefrFQ==}
    engines: {node: '>=23.5.0 || ^22.13.0 || ^20.17.0'}
    peerDependencies:
      '@types/node': '>=18'
    peerDependenciesMeta:
      '@types/node':
        optional: true

  '@inquirer/core@11.2.1':
    resolution: {integrity: sha512-Qd6GJT1yVyrZZCfN8W2qKF5ApmqryXRhRKCuip8h01x2w/esJQ2XIYc6f9abMIHgKQdBfFTSOdbHRLAhuM09UA==}
    engines: {node: '>=23.5.0 || ^22.13.0 || ^20.17.0'}
    peerDependencies:
      '@types/node': '>=18'
    peerDependenciesMeta:
      '@types/node':
        optional: true

  '@inquirer/editor@5.2.2':
    resolution: {integrity: sha512-ZRVd/oD+sYsUd5zVm0NflqEzlqfYCyHNsqkHl2oWXEUHs12tCbcSFi+wVFEvD8+LGRaMUsVrE7qeo6lSG/S1Vg==}
    engines: {node: '>=23.5.0 || ^22.13.0 || ^20.17.0'}
    peerDependencies:
      '@types/node': '>=18'
    peerDependenciesMeta:
      '@types/node':
        optional: true

  '@inquirer/expand@5.1.1':
    resolution: {integrity: sha512-YmQpenjbFSHAK3sOd44puHh3V1KXXr+JiNpUztoSQ4drLh2rTVzTap/YtlAVu/5xavifIlBfNEzJ/neZJ1a/1g==}
    engines: {node: '>=23.5.0 || ^22.13.0 || ^20.17.0'}
    peerDependencies:
      '@types/node': '>=18'
    peerDependenciesMeta:
      '@types/node':
        optional: true

  '@inquirer/external-editor@3.0.3':
    resolution: {integrity: sha512-6thf5I8q7lZwzGLAxPaaGEREEkZ3nyePPDQ1oyobblxmEE8mqTLguScP7pDjUTAibiyb4hfXl+qjUEJ+di/aNA==}
    engines: {node: '>=23.5.0 || ^22.13.0 || ^20.17.0'}
    peerDependencies:
      '@types/node': '>=18'
    peerDependenciesMeta:
      '@types/node':
        optional: true

  '@inquirer/figures@2.0.7':
    resolution: {integrity: sha512-aJ8TBPOGB6f/2qziPfElISTCEd5XOYTFckA2SGjhNmiKzfK/u4ot3v0DUzGVdUnKjN10EqnnEPck36BkyfLnJw==}
    engines: {node: '>=23.5.0 || ^22.13.0 || ^20.17.0'}

  '@inquirer/input@5.1.2':
    resolution: {integrity: sha512-9K/DDBSQpOyZSkt6sOVP9Vo0TR7atX2kuILsUu0x3wVcVbe97lJwIJKMLdMw25tDYuXl/qp6erT0Xs1rfmcfZg==}
    engines: {node: '>=23.5.0 || ^22.13.0 || ^20.17.0'}
    peerDependencies:
      '@types/node': '>=18'
    peerDependenciesMeta:
      '@types/node':
        optional: true

  '@inquirer/number@4.1.1':
    resolution: {integrity: sha512-XF4IXAbPnGPgw0wsbC/i2tPcyfdZgDpUlhsqU0SfT4IRIGWha6Xm9VRgN5yYxJq+jnyXlfXI/nQ3ulfk0iEICA==}
    engines: {node: '>=23.5.0 || ^22.13.0 || ^20.17.0'}
    peerDependencies:
      '@types/node': '>=18'
    peerDependenciesMeta:
      '@types/node':
        optional: true

  '@inquirer/password@5.1.1':
    resolution: {integrity: sha512-3XBfF7DAsp5qeDsvN5Rd1HmbNokVvEQoUM0QLrRcybC9nX96w3Pbmu7qUsb3IT3J3jBvs2+mTXaKHOUsgHMLzg==}
    engines: {node: '>=23.5.0 || ^22.13.0 || ^20.17.0'}
    peerDependencies:
      '@types/node': '>=18'
    peerDependenciesMeta:
      '@types/node':
        optional: true

  '@inquirer/prompts@8.5.2':
    resolution: {integrity: sha512-IYR/3C/paEVVQYQvdDlFZVjRCJVYHHON0XXMH91KO9GSxs0TdKYWlUdvfQl2EfAHDxUaN3IBffkE/BDTh5nJ6g==}
    engines: {node: '>=23.5.0 || ^22.13.0 || ^20.17.0'}
    peerDependencies:
      '@types/node': '>=18'
    peerDependenciesMeta:
      '@types/node':
        optional: true

  '@inquirer/rawlist@5.3.1':
    resolution: {integrity: sha512-QqdTqQddL3qPX/PPrjobpsO25NZ4dWXgTLenrR445L2ptLEYE6Z+PD5c5CNDJNx4ugRgELAIpSIJxZaO2jJ2Og==}
    engines: {node: '>=23.5.0 || ^22.13.0 || ^20.17.0'}
    peerDependencies:
      '@types/node': '>=18'
    peerDependenciesMeta:
      '@types/node':
        optional: true

  '@inquirer/search@4.2.1':
    resolution: {integrity: sha512-xJj8QWKRSrfKoBIITLZK61dD3zwo0Rz11fgDImku30/Oe81zMdIdGgrLY2h6RkJ+KZ/GhNYIRMKnH/62qBTA5g==}
    engines: {node: '>=23.5.0 || ^22.13.0 || ^20.17.0'}
    peerDependencies:
      '@types/node': '>=18'
    peerDependenciesMeta:
      '@types/node':
        optional: true

  '@inquirer/select@5.2.1':
    resolution: {integrity: sha512-FlDndEUww8m7BfukO2nJa25vhD+H5jxxCv4oGioKqzyWz3nPHhhw4LKdYRSlXuAx7DsdWia7iyaBPKKS95Evfw==}
    engines: {node: '>=23.5.0 || ^22.13.0 || ^20.17.0'}
    peerDependencies:
      '@types/node': '>=18'
    peerDependenciesMeta:
      '@types/node':
        optional: true

  '@inquirer/type@4.0.7':
    resolution: {integrity: sha512-t28inv14nMQ1PhKpsJPY+kEs/c00qzeCOS2gTNRyTjG5d6qsVA2fItxW4hkvGZ5lvanGLdtCzVIx5dwdRpN1+g==}
    engines: {node: '>=23.5.0 || ^22.13.0 || ^20.17.0'}
    peerDependencies:
      '@types/node': '>=18'
    peerDependenciesMeta:
      '@types/node':
        optional: true

  '@pnpm/config.env-replace@1.1.0':
    resolution: {integrity: sha512-htyl8TWnKL7K/ESFa1oW2UB5lVDxuF5DpM7tBi6Hu2LNL3mWkIzNLG6N4zoCUP1lCKNxWy/3iu8mS8MvToGd6w==}
    engines: {node: '>=12.22.0'}

  '@pnpm/network.ca-file@1.0.2':
    resolution: {integrity: sha512-YcPQ8a0jwYU9bTdJDpXjMi7Brhkr1mXsXrUJvjqM2mQDgkRiz8jFaQGOdaLxgjtUfQgZhKy/O3cG/YwmgKaxLA==}
    engines: {node: '>=12.22.0'}

  '@pnpm/npm-conf@3.0.3':
    resolution: {integrity: sha512-//0sR/cow/s4ICQaYoAobOl4aU8cjU6x/V24V7XkKotb9+O+3zySIYp146vpaobYHnxa4pZX8NkV54Z5AwbDKA==}
    engines: {node: '>=12'}

  '@quenty/acceltween@2.7.0':
    resolution: {integrity: sha512-AY1T7ZR2c9/ZcGyXGjfBzrS1Q6ODYqOZQnHgdhS5X50nNeJUBCYN/YfI7YFa7Yd1niUguXCo+nHqYSQzgbluow==}

  '@quenty/baseobject@10.13.0':
    resolution: {integrity: sha512-JAbHD5bIhjwI1akXSHLUOsU+Vjp/x89y6wKj472EQgQCwOshEluogE5uqPnDcfqStrFZqrjkaHQZl88vHZikZw==}

  '@quenty/binarysearch@2.4.0':
    resolution: {integrity: sha512-87ZoHo1ObRu+C0ocIoaT0BZRoLWeuGciwusC9xwxjX2aZke+oc518x+JNwqnBZM1YdZ3urg1SukJCtZbbfMevg==}

  '@quenty/binder@14.36.1':
    resolution: {integrity: sha512-lEidWtX0N8ZwCdzUS7LlCcwkCOSL2bvZYeuVt+juBIQMRX2r8hqI7iFJIJYMnd6RuvtSSV1ut/xLi6PesxiAyw==}

  '@quenty/blend@12.36.1':
    resolution: {integrity: sha512-ofNti+Jb+EtuTegfHg+lDIxPI82SWyTV5NNSYbtESq81RqKizC2qH8e+vSA9ODloKuLpp+qUdUwsRCn/5/g+Nw==}

  '@quenty/brio@14.30.1':
    resolution: {integrity: sha512-moHugoDyiu+j2maq3CVXqGY/7S+1fJffr152Gtsr5T9/PWkRB7ZY4i5RW8uJNoFIRCzHaP0N0o84dJJIVHGvMA==}

  '@quenty/cancellabledelay@3.6.2':
    resolution: {integrity: sha512-rBPP8nghqqBsq3g4z5APz9IaEU3OoB6AnqIuKc8oUK27YFlMW+WGE1BG8cAhE8rAD55a36007SLhPfJUiO8v4w==}

  '@quenty/canceltoken@11.19.1':
    resolution: {integrity: sha512-8eI5ctOkX4OfYPIysDn3yH8fqgeyIEipMHBTACoIsuSRSj3AwAcs1JJfzuekLhQX1BsBYpg8CT/hfDmipJI6cw==}

  '@quenty/characterutils@12.32.1':
    resolution: {integrity: sha512-LZ1XVA7japxfcGt6hjaIhY18T5cDLQikhOTinANzIUcrl9UQAHGwlt2YSP2DV060CKI8YoAn+yYd72d/fg1unA==}

  '@quenty/cli-output-helpers@1.17.0':
    resolution: {integrity: sha512-NhtzE04DPVIsALiD7PExmLLwXr0O09i+YpQz8ekoWrcyq1TAMOOyKAbtcGomDG/1zICkCBwbBcp/z3fWsKXU7w==}
    engines: {node: '>=16'}

  '@quenty/clienttranslator@14.37.1':
    resolution: {integrity: sha512-5FgBwo3T0PGeMTUErqKu1MaRiohD7rUZRTvSVJt0BTtIV76BeN1kxJ+OFp4uFNLtShC+Q/d25rpOoZ8qrq5scw==}

  '@quenty/cmdrservice@13.45.2':
    resolution: {integrity: sha512-KLqo4Ekc5AgsIZEuBAg18ItWgxtqXQAS0/zPp6vFRw3nbQ8LCi7yzoHr9wyriSH1bAfYfqz4Du4kIW/I4HW8oA==}

  '@quenty/collectionserviceutils@8.31.1':
    resolution: {integrity: sha512-dEmjuWgecEnIxIU348LCn4/xE2xcJHNUIok+Q4x1zZn6VD9XkX4v89OhaDkdKbQdALYfutn2iZhUB59dMNbyqg==}

  '@quenty/deferred@2.3.2':
    resolution: {integrity: sha512-/8C9cJtnsRa+hvmW5Q94JdZtUz+OUg1+oGq2/3PHTWCoVtmwLTxR+5AHpYzQKaitEIxAIQaZqhuhp5mOTMteTw==}

  '@quenty/ducktype@5.11.0':
    resolution: {integrity: sha512-VcS+LlWibt273JEjUyLyLkPspo7I0YGatYXisaz/GNzBInSVDgXHkJIvNvkr7SzMqABarnRBE3M8lr0q9DXHBw==}

  '@quenty/enums@1.3.0':
    resolution: {integrity: sha512-41QHLdoceDg26lGADYfg0JfYoP1x4cV50CygBxGzk857IBt5p9CiFLPxwdxD5yV3Lbwud+iixqq5N5s+JLlEPA==}

  '@quenty/enumutils@3.4.6':
    resolution: {integrity: sha512-go/K8zTLG8xQwciZxd+BB6qrFIifErufPGY96g9UcTmDhPaHMHozE7PuIdNpBlWPnPW1o+aWO5jN46mgmdUP9A==}

  '@quenty/grouputils@10.20.2':
    resolution: {integrity: sha512-bBpnmvczII3XPfdJM36LWBfhEsnqdw6heBQURda62xpw0r+x7SmtWaG7vwZoyTAdyO/KBhHiAiZU4vrFxAQmqQ==}

  '@quenty/insertserviceutils@10.18.1':
    resolution: {integrity: sha512-iGxWe7TGORObDaqhJQizGQp3J/C1go3r72XhD+vOJqXRkk6pQJcrKCSFv8olL5kRzDlbaLrk0ETDZ4Wntnsq/g==}

  '@quenty/instanceutils@13.30.1':
    resolution: {integrity: sha512-zrQvz5ron1gFm/gLrhNChkosSniLnYf/xk3Y/b83sQs7G/XTqgXNObqyctrTbEvJzgeZGDMdu0wIcy30sqX6pg==}

  '@quenty/linkutils@13.30.1':
    resolution: {integrity: sha512-kvPlZsZy4kkJbfynkqhmC5RDfr2ypDT7HWnImEMr1n/18ZQcHuHH8EKR6FS3UGHY2Sn+lRx3pQldVLM5IpXK5w==}

  '@quenty/loader@10.11.0':
    resolution: {integrity: sha512-dijfRLI2bouQjt9OG20aL7waEzJNzzFMXC3+NFm2meCQ7jvCTI5EgmW3eYZHmegFAzmrWtogbQPNR+pIb8T3Zg==}

  '@quenty/maid@3.9.0':
    resolution: {integrity: sha512-MKyAYZRdIjYUBchMQavT0AXV/nJMmuRn4jIy8gYNV0Ub40Naub7ECGLtIviLwyiwW0FGKS/Wl5tGjHfObvAwUw==}

  '@quenty/math@2.7.5':
    resolution: {integrity: sha512-tYOvmTwijqm1og6QdO+j9EDKSk0/0TCae83H1yUElYWuzV1PAG1Q18VT0Yk0q/05Uduulb2s3Dx6QmyI/qKSgA==}

  '@quenty/nevermore-cli-helpers@1.16.0':
    resolution: {integrity: sha512-viqHcThs+fu4/HUTSXOFHETVqN+XeLg6ARHnbYfwkU/Lbak+CWp64DmlVxYY51CI8cuSgsqXLUDPGvlAiu0RBg==}
    engines: {node: '>=16'}

  '@quenty/nevermore-cli@4.33.1':
    resolution: {integrity: sha512-fpAAWRAv60IUNfqH022DgESIwGpB8FhJXc9FzcYI6RtJdWKVDTQhnM0kKtwYpWLE+CLFe2gAwgNGYK9+I1SMhg==}
    engines: {node: '>=16'}
    hasBin: true

  '@quenty/nevermore-template-helpers@1.18.0':
    resolution: {integrity: sha512-YdJQVx82Gvq3QcR6M7vMBxqqLRpJsZxylBCCHPAJZKNy1GzbPfxqcUe5+4Z4q6ftU43M2pAVOpIRQo3crHRJJA==}
    engines: {node: '>=16'}

  '@quenty/nevermore-test-runner@1.4.0':
    resolution: {integrity: sha512-mlscddpT+16AY3sW8mJoHoD4nDR94viNQ1sWKC0//bZRaTOHColG2YqE+p6uykeOPXMuwG87c4g0BgjSNJybHQ==}

  '@quenty/observablecollection@12.38.1':
    resolution: {integrity: sha512-TGkEr4brXvRaGYV8kx2QblitGk4uV8NBuIXzpp+mmmAyIyFBkHNS7Tz3MxhcoqqJ9p47UlNaKDYNM05gp1zm+Q==}

  '@quenty/permissionprovider@14.38.2':
    resolution: {integrity: sha512-xwgLXmLaLNWArTHk2RPEtpiDg6GhlKYvhsmS/c9jPbLAF53Kj+zy9ItXMYnJQnGT0pD62GmMycqJg9egkeTQgQ==}

  '@quenty/playerutils@8.32.1':
    resolution: {integrity: sha512-5aUpawSmWqCg1hqaSUmzNZ83KIKLnY+E3952ZNxdspg9fQX2aIQy0wCvphEp0Rm6xOxg0/vc7BhedPvHcVKP7A==}

  '@quenty/promise@10.18.1':
    resolution: {integrity: sha512-U0/cVc4/4uY43r+BaoGq4wkcAq8q1poISro4vKw/pDTrB1EWLYPDKAhd+cpFybJ1sVV61lp8zj1ys7+qLflNPQ==}

  '@quenty/promisemaid@5.18.1':
    resolution: {integrity: sha512-j1pQsOn4N2BJGYUOGYu6tDstnU8YarpVUV2Fh/fywD5jW36ZO6yW5p4vMZfosu0TU913p6gEkGw5eGn0JSsPKw==}

  '@quenty/pseudolocalize@3.5.2':
    resolution: {integrity: sha512-xtk0UEtUAR1NUpFTkD8gIY6SB91QeTGdxhiCVg75u/IDiK2kLFfveMabfTzosbTlkzuXTcuQI7y7T6IVANShpw==}

  '@quenty/remotefunctionutils@10.18.1':
    resolution: {integrity: sha512-lVeSrq7ebm8zocjLVNUxh/R9GUvZBw5AJHi3zkc2MsNZF5hreQL0OZk5DyED5NwYilmmt1VlyFajqD6Pyod0UQ==}

  '@quenty/remoting@12.32.1':
    resolution: {integrity: sha512-YqN9/apOQoyxx6Y0F7PbFvJjuaimYFX/eoO8fTh+kSppuDMHuMboqizi5KnPu8rO3m/Q8FA7lfoO3AvsZRGEDw==}

  '@quenty/rx@13.28.3':
    resolution: {integrity: sha512-leHMAKXYZ5db+TeR72UVklpk3ACydJvTq8OAuC/Eq2qABh33RkmHoWbax0MMbiDW4k70vyZ2O6kEvANpWrGVTg==}

  '@quenty/rxsignal@7.28.3':
    resolution: {integrity: sha512-0a4qKBs/yJ46SJetHddtjLIbVee6K1pI1YA/ofSgaIMsNnbDTIhkgfVHU0gmJewEYTpOzjmkGGFg81S2ZaKPug==}

  '@quenty/servicebag@11.18.1':
    resolution: {integrity: sha512-P2VneQ+0PrdHFTbZqQz9dlSvgHXKn9eW/zT8QESLovxoS9nGIQMIhC3Bh5zYvXK1cZBhCxZVxuUwH87RdtG3XQ==}

  '@quenty/signal@7.13.1':
    resolution: {integrity: sha512-gc225T/jLNBRFWbgkc3hx3Ta8ufu3iNa+Su1C2n4HAAR6uuRCwhWfH/3S+oqDZgyY9M0MZEMkMzOZHE78AkGNA==}

  '@quenty/spring@10.12.0':
    resolution: {integrity: sha512-VcGJL6Kgr+KcSPzxIz24GF+chSZZfGMLO3vNnOLVZK5tC6ULGB/5Mi/8diWfZTyZyf0uTv4J0OYUYpFLiC2riQ==}

  '@quenty/steputils@3.6.3':
    resolution: {integrity: sha512-iswkWhiwPn+TM5ktwAs6y3mC7+Tymq/xhXpxQIW8Q2IHgbIArT2kjbbGehRaomtkvKHuqtb3bW/ORnPyK8IKBQ==}

  '@quenty/string@3.3.7':
    resolution: {integrity: sha512-qt9r9b7y5Qz8nGfvizqvgl/Vfjbib1lzCHvSFYDhQeD5cNnUG/cHHx2aJzPRU36064DJNDOlFaX00969jowsEw==}

  '@quenty/studio-bridge@0.15.0':
    resolution: {integrity: sha512-ITG+WXuv1dqqmyTMstzruM40iveWFC/WCGmXYdzgGl8YkdJLSMmYOCldYRvCFT2JzLuf6U/TyYJ6HEO4gRgtQQ==}
    engines: {node: '>=18'}
    hasBin: true

  '@quenty/symbol@3.5.2':
    resolution: {integrity: sha512-Opt3Pvdie3LDScZms7eTe+5rFUIRP4S1I7RFtiuyCF4XoDwJ2kjWO9bUNMX+zjumhaJ/96ZI5Y4D8mowyObs5Q==}

  '@quenty/table@3.9.2':
    resolution: {integrity: sha512-uU0XEiWk2CHtdhcBnM2F7sU7jljD/D0crntozfPLfyl4BOHT3oWNr0HF7IfrKVxVo3WnDj3KBXV6iMmYY6q9vQ==}

  '@quenty/templateprovider@11.38.1':
    resolution: {integrity: sha512-CVgW1R1zLuf2QivKDgUnIRcUEseh5dEUZwZJVLuK6/erjOIebbrHeseepXKjutHoy3+64sJzbyT2l8EZPLupEA==}

  '@quenty/throttle@10.12.2':
    resolution: {integrity: sha512-GC8pFbSZOmuAyOHU3q02JyKs25Vl/M4rsK+SZeFklqwPlb0I7LbLslSfsV0801OS4SmPnKn6+3i0CnkwNTP9QA==}

  '@quenty/typeutils@1.3.0':
    resolution: {integrity: sha512-QHhZypCGIhHFHItRMA7XiRNdcWbq2KnuJNkSKSd4sVltaPA5O/8UMyzhtSyCeCqZom86BkEp6VNSOxFXN8ltSw==}

  '@quenty/uiobjectutils@6.29.1':
    resolution: {integrity: sha512-XPRT7nFejfJK1I8hebCqg439XUTHNOWyFiu4378cvc5qczWttlcIMKkDmtZkmgtn1SvaqY6fSfp4wVtYeSAh2Q==}

  '@quenty/valuebaseutils@13.30.1':
    resolution: {integrity: sha512-fTsMsX33Z5wodgXrhyEzMFIX0dPQEX8f6tllWSDI6vYf0nZSgcxVOf7jBFhLPPBLUYMvZlYgMN2YMQfOFvbo5A==}

  '@quenty/valueobject@13.31.1':
    resolution: {integrity: sha512-9Rt1jXvhb+NVZfaS20ZPXK05KhxkG3pWJIMYtUa5XbB4CMlOdRej3L/62NsRZSaBuI6D1fDwNNG4ShG9tBnz2Q==}

  '@quentystudios/cmdr@1.12.0-quenty.0':
    resolution: {integrity: sha512-coxG4bEQ3wskTEiVxbh6hTsOycYoq+8jLtUABvfMURHiS3hgF/0jg3uQArZt0JeY+VvkCIXLHUCFTMMbUQOllA==}

  '@quentystudios/jest-lua@3.10.0-quenty.2':
    resolution: {integrity: sha512-TE7vhnYjygcBjjqeKLsmbwxhJeiDeekh/E2xcvQ0VZAwHNr+Yn1pk1n/PRJu+KtH2fWYkw20pQO4o/hKPs0lRA==}

  '@quentystudios/t@3.0.0':
    resolution: {integrity: sha512-YUBaDzrs69scFgRpzASLOpcvxKho8oaUipyHO+A9z+aRW/ursRhzCXjRtPZ08uoU+fba/cohZuZMMGDMpncg1w==}

  '@sec-ant/readable-stream@0.4.1':
    resolution: {integrity: sha512-831qok9r2t8AlxLko40y2ebgSDhenenCatLVeW/uBtnHPyhHOvG0C7TvfgecV+wHzIm5KUICgzmVpWS+IMEAeg==}

  '@sindresorhus/merge-streams@4.0.0':
    resolution: {integrity: sha512-tlqY9xq5ukxTUZBmoOp+m61cqwQD5pHJtFY3Mn8CA8ps6yghLH/Hw8UPdqg4OLmFW3IFlcXnQNmo/dh8HzXYIQ==}
    engines: {node: '>=18'}

  ansi-regex@6.2.2:
    resolution: {integrity: sha512-Bq3SmSpyFHaWjPk8If9yc6svM8c56dB5BAtW4Qbw5jHTwwXXcTLoRMkpDJp6VL0XzlWaCHTXrkFURMYmD0sLqg==}
    engines: {node: '>=12'}

  ansi-styles@4.3.0:
    resolution: {integrity: sha512-zbB9rCJAT1rbjiVDb2hqKFHNYLxgtk8NURxZ3IZwD3F6NtxbXZQCnnSi1Lkx+IDohdPlFp222wVALIheZJQSEg==}
    engines: {node: '>=8'}

  ansi-styles@6.2.3:
    resolution: {integrity: sha512-4Dj6M28JB+oAH8kFkTLUo+a2jwOFkuqb3yucU0CANcRRUbxS0cP0nZYCGjcc3BNXwRIsUVmDGgzawme7zvJHvg==}
    engines: {node: '>=12'}

  chalk@4.1.2:
    resolution: {integrity: sha512-oKnbhFyRIXpUuez8iBMmyEa4nbj4IOQyuhc/wy9kY7/WVPcwIO9VA668Pu8RkO7+0G76SLROeyw9CpQ061i4mA==}
    engines: {node: '>=10'}

  chardet@2.2.0:
    resolution: {integrity: sha512-rddelWYNPRrXq6PtNEN2S3f6t9ILzvqaN5pVgi4kqt9jHQaXIial9PznB5iSPVlQSLNaaH22ItWz3EJtQ10+OA==}

  cli-width@4.1.0:
    resolution: {integrity: sha512-ouuZd4/dm2Sw5Gmqy6bGyNNNe1qt9RpmxveLSO7KcgsTnU7RXfsw+/bukWGo1abgBiMAic068rclZsO4IWmmxQ==}
    engines: {node: '>= 12'}

  cliui@9.0.1:
    resolution: {integrity: sha512-k7ndgKhwoQveBL+/1tqGJYNz097I7WOvwbmmU2AR5+magtbjPWQTS1C5vzGkBC8Ym8UWRzfKUzUUqFLypY4Q+w==}
    engines: {node: '>=20'}

  color-convert@2.0.1:
    resolution: {integrity: sha512-RRECPsj7iu/xb5oKYcsFHSppFNnsj/52OVTRKb4zP5onXwVF3zVmmToNcOfGC+CRDpfK/U584fMg38ZHCaElKQ==}
    engines: {node: '>=7.0.0'}

  color-name@1.1.4:
    resolution: {integrity: sha512-dOy+3AuW3a2wNbZHIuMZpTcgjGuLU/uBL/ubcZF9OXbDo8ff4O8yVp5Bf0efS8uEoYo5q4Fx7dY9OgQGXgAsQA==}

  config-chain@1.1.13:
    resolution: {integrity: sha512-qj+f8APARXHrM0hraqXYb2/bOVSV4PvJQlNZ/DVj0QrmNM2q2euizkeuVckQ57J+W0mRH6Hvi+k50M4Jul2VRQ==}

  cross-spawn@7.0.6:
    resolution: {integrity: sha512-uV2QOWP2nWzsy2aMp8aRibhi9dlzF5Hgh5SHaB9OiTGEyDTiJJyx0uy51QXdyWbtAHNua4XJzUKca3OzKUd3vA==}
    engines: {node: '>= 8'}

  data-uri-to-buffer@4.0.1:
    resolution: {integrity: sha512-0R9ikRb668HB7QDxT1vkpuUBtqc53YyAwMwGeUFKRojY/NWKvdZ+9UYtRfGmhqNbRkTSVpMbmyhXipFFv2cb/A==}
    engines: {node: '>= 12'}

  deep-extend@0.6.0:
    resolution: {integrity: sha512-LOHxIOaPYdHlJRtCQfDIVZtfw/ufM8+rVj649RIHzcm/vGwQRXFt6OPqIFWsm2XEMrNIEtWR64sY1LEKD2vAOA==}
    engines: {node: '>=4.0.0'}

  emoji-regex@10.6.0:
    resolution: {integrity: sha512-toUI84YS5YmxW219erniWD0CIVOo46xGKColeNQRgOzDorgBi1v4D71/OFzgD9GO2UGKIv1C3Sp8DAn0+j5w7A==}

  escalade@3.2.0:
    resolution: {integrity: sha512-WUj2qlxaQtO4g6Pq5c29GTcWGDyd8itL8zTlipgECz3JesAiiOKotd8JU6otB3PACgG6xkJUyVhboMS+bje/jA==}
    engines: {node: '>=6'}

  execa@9.6.1:
    resolution: {integrity: sha512-9Be3ZoN4LmYR90tUoVu2te2BsbzHfhJyfEiAVfz7N5/zv+jduIfLrV2xdQXOHbaD6KgpGdO9PRPM1Y4Q9QkPkA==}
    engines: {node: ^18.19.0 || >=20.5.0}

  fast-string-truncated-width@3.0.3:
    resolution: {integrity: sha512-0jjjIEL6+0jag3l2XWWizO64/aZVtpiGE3t0Zgqxv0DPuxiMjvB3M24fCyhZUO4KomJQPj3LTSUnDP3GpdwC0g==}

  fast-string-width@3.0.2:
    resolution: {integrity: sha512-gX8LrtNEI5hq8DVUfRQMbr5lpaS4nMIWV+7XEbXk2b8kiQIizgnlr12B4dA3ZEx3308ze0O4Q1R+cHts8kyUJg==}

  fast-wrap-ansi@0.2.2:
    resolution: {integrity: sha512-7F2Fl+TjRSenLqlU3UjSH0iyqopqoZIu7eZVpEirP2g1GtWa2G/ecEmBdgz31+Mxr+ELclgg6sokpSFIQiZ02Q==}

  fetch-blob@3.2.0:
    resolution: {integrity: sha512-7yAQpD2UMJzLi1Dqv7qFYnPbaPx7ZfFK6PiIxQ4PfkGPyNyl2Ugx+a/umUonmKqjhM4DnfbMvdX6otXq83soQQ==}
    engines: {node: ^12.20 || >= 14.13}

  figures@6.1.0:
    resolution: {integrity: sha512-d+l3qxjSesT4V7v2fh+QnmFnUWv9lSpjarhShNTgBOfA0ttejbQUAlHLitbjkoRiDulW0OPoQPYIGhIC8ohejg==}
    engines: {node: '>=18'}

  find-git-root@1.1.0:
    resolution: {integrity: sha512-FkB2PInh9Is4LJXab4OYYKrNqb7/lBxb+eFc4zCE9Nexcdr+/UwhHZ2M9Bi5+OJ3LVayDNeMKkRc3kaiV4GEdA==}

  formdata-polyfill@4.0.10:
    resolution: {integrity: sha512-buewHzMvYL29jdeQTVILecSaZKnt/RJWjoZCF5OW60Z67/GmSLBkOFM7qh1PI3zFNtJbaZL5eQu1vLfazOwj4g==}
    engines: {node: '>=12.20.0'}

  get-caller-file@2.0.5:
    resolution: {integrity: sha512-DyFP3BM/3YHTQOCUL/w0OZHR0lpKeGrxotcHWcqNEdnltqFwXVfhEBQ94eIo34AfQpo0rGki4cyIiftY06h2Fg==}
    engines: {node: 6.* || 8.* || >= 10.*}

  get-east-asian-width@1.6.0:
    resolution: {integrity: sha512-QRbvDIbx6YklUe6RxeTeleMR0yv3cYH6PsPZHcnVn7xv7zO1BHN8r0XETu8n6Ye3Q+ahtSarc3WgtNWmehIBfA==}
    engines: {node: '>=18'}

  get-stream@9.0.1:
    resolution: {integrity: sha512-kVCxPF3vQM/N0B1PmoqVUqgHP+EeVjmZSQn+1oCRPxd2P21P2F19lIgbR3HBosbB1PUhOAoctJnfEn2GbN2eZA==}
    engines: {node: '>=18'}

  graceful-fs@4.2.10:
    resolution: {integrity: sha512-9ByhssR2fPVsNZj478qUUbKfmL0+t5BDVyjShtyZZLiK7ZDAArFFfopyOTj0M05wE2tJPisA4iTnnXl2YoPvOA==}

  handlebars@4.7.9:
    resolution: {integrity: sha512-4E71E0rpOaQuJR2A3xDZ+GM1HyWYv1clR58tC8emQNeQe3RH7MAzSbat+V0wG78LQBo6m6bzSG/L4pBuCsgnUQ==}
    engines: {node: '>=0.4.7'}
    hasBin: true

  has-flag@4.0.0:
    resolution: {integrity: sha512-EykJT/Q1KjTWctppgIAgfSO0tKVuZUjhgMr17kqTumMl6Afv3EISleU7qZUzoXDFTAHTDC4NOoG/ZxU3EvlMPQ==}
    engines: {node: '>=8'}

  human-signals@8.0.1:
    resolution: {integrity: sha512-eKCa6bwnJhvxj14kZk5NCPc6Hb6BdsU9DZcOnmQKSnO1VKrfV0zCvtttPZUsBvjmNDn8rpcJfpwSYnHBjc95MQ==}
    engines: {node: '>=18.18.0'}

  iconv-lite@0.7.2:
    resolution: {integrity: sha512-im9DjEDQ55s9fL4EYzOAv0yMqmMBSZp6G0VvFyTMPKWxiSBHUj9NW/qqLmXUwXrrM7AvqSlTCfvqRb0cM8yYqw==}
    engines: {node: '>=0.10.0'}

  ini@1.3.8:
    resolution: {integrity: sha512-JV/yugV2uzW5iMRSiZAyDtQd+nxtUnjeLt0acNdw98kKLrvuRVyB80tsREOE7yvGVgalhZ6RNXCmEHkUKBKxew==}

  inquirer@13.4.3:
    resolution: {integrity: sha512-EPd3IqieHSavSOXh+LZhrIkdQcOELWeRblLT6kslQr+cF9XTh/HxZdSt1YkHH1iq4dvqBnV42uwg2YlorgOy6g==}
    engines: {node: '>=23.5.0 || ^22.13.0 || ^21.7.0 || ^20.12.0'}
    peerDependencies:
      '@types/node': '>=18'
    peerDependenciesMeta:
      '@types/node':
        optional: true

  is-plain-obj@4.1.0:
    resolution: {integrity: sha512-+Pgi+vMuUNkJyExiMBt5IlFoMyKnr5zhJ4Uspz58WOhBF5QoIZkFyNHIbBAtHwzVAgk5RtndVNsDRN61/mmDqg==}
    engines: {node: '>=12'}

  is-stream@4.0.1:
    resolution: {integrity: sha512-Dnz92NInDqYckGEUJv689RbRiTSEHCQ7wOVeALbkOz999YpqT46yMRIGtSNl2iCL1waAZSx40+h59NV/EwzV/A==}
    engines: {node: '>=18'}

  is-unicode-supported@2.1.0:
    resolution: {integrity: sha512-mE00Gnza5EEB3Ds0HfMyllZzbBrmLOX3vfWoj9A9PEnTfratQ/BcaJOuMhnkhjXvb2+FkY3VuHqtAGpTPmglFQ==}
    engines: {node: '>=18'}

  isexe@2.0.0:
    resolution: {integrity: sha512-RHxMLp9lnKHGHRng9QFhRCMbYAcVpn69smSGcq3f36xjgVVWThj4qqLbTLlq7Ssj8B+fIQ1EuCEGI2lKsyQeIw==}

  ky@1.14.3:
    resolution: {integrity: sha512-9zy9lkjac+TR1c2tG+mkNSVlyOpInnWdSMiue4F+kq8TwJSgv6o8jhLRg8Ho6SnZ9wOYUq/yozts9qQCfk7bIw==}
    engines: {node: '>=18'}

  latest-version@9.0.0:
    resolution: {integrity: sha512-7W0vV3rqv5tokqkBAFV1LbR7HPOWzXQDpDgEuib/aJ1jsZZx6x3c2mBI+TJhJzOhkGeaLbCKEHXEXLfirtG2JA==}
    engines: {node: '>=18'}

  minimist@1.2.8:
    resolution: {integrity: sha512-2yyAR8qBkN3YuheJanUpWC5U3bb5osDywNB8RzDVlDwDHbocAJveqqj1u8+SVD7jkWT4yvsHCpWqqWqAxb0zCA==}

  mute-stream@3.0.0:
    resolution: {integrity: sha512-dkEJPVvun4FryqBmZ5KhDo0K9iDXAwn08tMLDinNdRBNPcYEDiWYysLcc6k3mjTMlbP9KyylvRpd4wFtwrT9rw==}
    engines: {node: ^20.17.0 || >=22.9.0}

  neo-async@2.6.2:
    resolution: {integrity: sha512-Yd3UES5mWCSqR+qNT93S3UoYUkqAZ9lLg8a7g9rimsWmYGK8cVToA4/sF3RrshdyV3sAGMXVUmpMYOw+dLpOuw==}

  node-domexception@1.0.0:
    resolution: {integrity: sha512-/jKZoMpw0F8GRwl4/eLROPA3cfcXtLApP0QzLmUT/HuPCZWyB7IY9ZrMeKw2O/nFIqPQB3PVM9aYm0F312AXDQ==}
    engines: {node: '>=10.5.0'}
    deprecated: Use your platform's native DOMException instead

  node-fetch@3.3.2:
    resolution: {integrity: sha512-dRB78srN/l6gqWulah9SrxeYnxeddIG30+GOqK/9OlLVyLg3HPnr6SqOWTWOXKRwC2eGYCkZ59NNuSgvSrpgOA==}
    engines: {node: ^12.20.0 || ^14.13.1 || >=16.0.0}

  npm-run-path@6.0.0:
    resolution: {integrity: sha512-9qny7Z9DsQU8Ou39ERsPU4OZQlSTP47ShQzuKZ6PRXpYLtIFgl/DEBYEXKlvcEa+9tHVcK8CF81Y2V72qaZhWA==}
    engines: {node: '>=18'}

  package-json@10.0.1:
    resolution: {integrity: sha512-ua1L4OgXSBdsu1FPb7F3tYH0F48a6kxvod4pLUlGY9COeJAJQNX/sNH2IiEmsxw7lqYiAwrdHMjz1FctOsyDQg==}
    engines: {node: '>=18'}

  parse-ms@4.0.0:
    resolution: {integrity: sha512-TXfryirbmq34y8QBwgqCVLi+8oA3oWx2eAnSn62ITyEhEYaWRlVZ2DvMM9eZbMs/RfxPu/PK/aBLyGj4IrqMHw==}
    engines: {node: '>=18'}

  path-key@3.1.1:
    resolution: {integrity: sha512-ojmeN0qd+y0jszEtoY48r0Peq5dwMEkIlCOu6Q5f41lfkswXuKtYrhgoTpLnyIcHm24Uhqx+5Tqm2InSwLhE6Q==}
    engines: {node: '>=8'}

  path-key@4.0.0:
    resolution: {integrity: sha512-haREypq7xkM7ErfgIyA0z+Bj4AGKlMSdlQE2jvJo6huWD1EdkKYV+G/T4nq0YEF2vgTT8kqMFKo1uHn950r4SQ==}
    engines: {node: '>=12'}

  pretty-ms@9.3.0:
    resolution: {integrity: sha512-gjVS5hOP+M3wMm5nmNOucbIrqudzs9v/57bWRHQWLYklXqoXKrVfYW2W9+glfGsqtPgpiz5WwyEEB+ksXIx3gQ==}
    engines: {node: '>=18'}

  proto-list@1.2.4:
    resolution: {integrity: sha512-vtK/94akxsTMhe0/cbfpR+syPuszcuwhqVjJq26CuNDgFGj682oRBXOP5MJpv2r7JtE8MsiepGIqvvOTBwn2vA==}

  rc@1.2.8:
    resolution: {integrity: sha512-y3bGgqKj3QBdxLbLkomlohkvsA8gdAiUQlSBJnBhfn+BPxg4bc62d8TcBW15wavDfgexCgccckhcZvywyQYPOw==}
    hasBin: true

  registry-auth-token@5.1.1:
    resolution: {integrity: sha512-P7B4+jq8DeD2nMsAcdfaqHbssgHtZ7Z5+++a5ask90fvmJ8p5je4mOa+wzu+DB4vQ5tdJV/xywY+UnVFeQLV5Q==}
    engines: {node: '>=14'}

  registry-url@6.0.1:
    resolution: {integrity: sha512-+crtS5QjFRqFCoQmvGduwYWEBng99ZvmFvF+cUJkGYF1L1BfU8C6Zp9T7f5vPAwyLkUExpvK+ANVZmGU49qi4Q==}
    engines: {node: '>=12'}

  run-async@4.0.6:
    resolution: {integrity: sha512-IoDlSLTs3Yq593mb3ZoKWKXMNu3UpObxhgA/Xuid5p4bbfi2jdY1Hj0m1K+0/tEuQTxIGMhQDqGjKb7RuxGpAQ==}
    engines: {node: '>=0.12.0'}

  rxjs@7.8.2:
    resolution: {integrity: sha512-dhKf903U/PQZY6boNNtAGdWbG85WAbjT/1xYoZIC7FAY0yWapOBQVsVrDl58W86//e1VpMNBtRV4MaXfdMySFA==}

  safer-buffer@2.1.2:
    resolution: {integrity: sha512-YZo3K82SD7Riyi0E1EQPojLz7kpepnSQI9IyPbHHg1XXXevb5dJI7tpyN2ADxGcQbHG7vcyRHk0cbwqcQriUtg==}

  semver@7.8.5:
    resolution: {integrity: sha512-Y7/KDsb8LjooZpwaqGyulO6DQlksgCncchHGk+sZIY4SBvUocMBEFH5Ur1fI4dV+Jvl0w6cjvucaIi40puRioA==}
    engines: {node: '>=10'}
    hasBin: true

  shebang-command@2.0.0:
    resolution: {integrity: sha512-kHxr2zZpYtdmrN1qDjrrX/Z1rR1kG8Dx+gkpK1G4eXmvXswmcE1hTWBWYUzlraYw1/yZp6YuDY77YtvbN0dmDA==}
    engines: {node: '>=8'}

  shebang-regex@3.0.0:
    resolution: {integrity: sha512-7++dFhtcx3353uBaq8DDR4NuxBetBzC7ZQOhmTQInHEd6bSrXdiEyzCvG07Z44UYdLShWUyXt5M/yhz8ekcb1A==}
    engines: {node: '>=8'}

  signal-exit@4.1.0:
    resolution: {integrity: sha512-bzyZ1e88w9O1iNJbKnOlvYTrWPDl46O1bG0D3XInv+9tkPrxrN8jUUTiFlDkkmKWgn1M6CfIA13SuGqOa9Korw==}
    engines: {node: '>=14'}

  source-map@0.6.1:
    resolution: {integrity: sha512-UjgapumWlbMhkBgzT7Ykc5YXUT46F0iKu8SGXq0bcwP5dz/h0Plj6enJqjz1Zbq2l5WaqYnrVbwWOWMyF3F47g==}
    engines: {node: '>=0.10.0'}

  string-width@7.2.0:
    resolution: {integrity: sha512-tsaTIkKW9b4N+AEj+SVA+WhJzV7/zMhcSu78mLKWSk7cXMOSHsBKFWUs0fWwq8QyK3MgJBQRX6Gbi4kYbdvGkQ==}
    engines: {node: '>=18'}

  strip-ansi@7.2.0:
    resolution: {integrity: sha512-yDPMNjp4WyfYBkHnjIRLfca1i6KMyGCtsVgoKe/z1+6vukgaENdgGBZt+ZmKPc4gavvEZ5OgHfHdrazhgNyG7w==}
    engines: {node: '>=12'}

  strip-final-newline@4.0.0:
    resolution: {integrity: sha512-aulFJcD6YK8V1G7iRB5tigAP4TsHBZZrOV8pjV++zdUwmeV8uzbY7yn6h9MswN62adStNZFuCIx4haBnRuMDaw==}
    engines: {node: '>=18'}

  strip-json-comments@2.0.1:
    resolution: {integrity: sha512-4gB8na07fecVVkOI6Rs4e7T6NOTki5EmL7TUduTs6bu3EdnSycntVJ4re8kgZA+wx9IueI2Y11bfbgwtzuE0KQ==}
    engines: {node: '>=0.10.0'}

  supports-color@7.2.0:
    resolution: {integrity: sha512-qpCAvRl9stuOHveKsn7HncJRvv501qIacKzQlO/+Lwxc9+0q2wLyv4Dfvt80/DPn2pqOBsJdDiogXGR9+OvwRw==}
    engines: {node: '>=8'}

  tslib@2.8.1:
    resolution: {integrity: sha512-oJFu94HQb+KVduSUQL7wnpmqnfmLsOA/nAh6b6EH0wCEoK0/mPeXU6c3wKDV83MkOuHPRHtSXKKU99IBazS/2w==}

  typescript-memoize@1.1.1:
    resolution: {integrity: sha512-GQ90TcKpIH4XxYTI2F98yEQYZgjNMOGPpOgdjIBhaLaWji5HPWlRnZ4AeA1hfBxtY7bCGDJsqDDHk/KaHOl5bA==}

  uglify-js@3.19.3:
    resolution: {integrity: sha512-v3Xu+yuwBXisp6QYTcH4UbH+xYJXqnq2m/LtQVWKWzYc1iehYnLixoQDN9FH6/j9/oybfd6W9Ghwkl8+UMKTKQ==}
    engines: {node: '>=0.8.0'}
    hasBin: true

  unicorn-magic@0.3.0:
    resolution: {integrity: sha512-+QBBXBCvifc56fsbuxZQ6Sic3wqqc3WWaqxs58gvJrcOuN83HGTCwz3oS5phzU9LthRNE9VrJCFCLUgHeeFnfA==}
    engines: {node: '>=18'}

  web-streams-polyfill@3.3.3:
    resolution: {integrity: sha512-d2JWLCivmZYTSIoge9MsgFCZrt571BikcWGYkjC1khllbTeDlGqZ2D8vD8E/lJa8WGWbb7Plm8/XJYV7IJHZZw==}
    engines: {node: '>= 8'}

  which@2.0.2:
    resolution: {integrity: sha512-BLI3Tl1TW3Pvl70l3yq3Y64i+awpwXqsGBYWkkqMtnbXgrMD+yj7rhW0kuEDxzJaYXGjEW5ogapKNMEKNMjibA==}
    engines: {node: '>= 8'}
    hasBin: true

  wordwrap@1.0.0:
    resolution: {integrity: sha512-gvVzJFlPycKc5dZN4yPkP8w7Dc37BtP1yczEneOb4uq34pXZcvrtRTmWV8W+Ume+XCxKgbjM+nevkyFPMybd4Q==}

  wrap-ansi@9.0.2:
    resolution: {integrity: sha512-42AtmgqjV+X1VpdOfyTGOYRi0/zsoLqtXQckTmqTeybT+BDIbM/Guxo7x3pE2vtpr1ok6xRqM9OpBe+Jyoqyww==}
    engines: {node: '>=18'}

  ws@8.21.0:
    resolution: {integrity: sha512-Vsp28b7DRcimFQvrqu2Wek3z1iYxDCWqHYB8Qsnk/S4RfaCQzPGPyBNuVjJV3cd6UiKtUtp6sNM77gWvzcCH+g==}
    engines: {node: '>=10.0.0'}
    peerDependencies:
      bufferutil: ^4.0.1
      utf-8-validate: '>=5.0.2'
    peerDependenciesMeta:
      bufferutil:
        optional: true
      utf-8-validate:
        optional: true

  y18n@5.0.8:
    resolution: {integrity: sha512-0pfFzegeDWJHJIAmTLRP2DwHjdF5s7jo9tuztdQxAhINCdvS+3nGINqPd00AphqJR/0LhANUS6/+7SCb98YOfA==}
    engines: {node: '>=10'}

  yargs-parser@22.0.0:
    resolution: {integrity: sha512-rwu/ClNdSMpkSrUb+d6BRsSkLUq1fmfsY6TOpYzTwvwkg1/NRG85KBy3kq++A8LKQwX6lsu+aWad+2khvuXrqw==}
    engines: {node: ^20.19.0 || ^22.12.0 || >=23}

  yargs@18.0.0:
    resolution: {integrity: sha512-4UEqdc2RYGHZc7Doyqkrqiln3p9X2DZVxaGbwhn2pi7MrRagKaOcIKe8L3OxYcbhXLgLFUS3zAYuQjKBQgmuNg==}
    engines: {node: ^20.19.0 || ^22.12.0 || >=23}

  yoctocolors@2.1.2:
    resolution: {integrity: sha512-CzhO+pFNo8ajLM2d2IW/R93ipy99LWjtwblvC1RsoSUMZgyLbYFr221TnSNT7GjGdYui6P459mw9JH/g/zW2ug==}
    engines: {node: '>=18'}

  zod@4.4.3:
    resolution: {integrity: sha512-ytENFjIJFl2UwYglde2jchW2Hwm4GJFLDiSXWdTrJQBIN9Fcyp7n4DhxJEiWNAJMV1/BqWfW/kkg71UDcHJyTQ==}

snapshots:

  '@inquirer/ansi@2.0.7': {}

  '@inquirer/checkbox@5.2.1':
    dependencies:
      '@inquirer/ansi': 2.0.7
      '@inquirer/core': 11.2.1
      '@inquirer/figures': 2.0.7
      '@inquirer/type': 4.0.7

  '@inquirer/confirm@6.1.1':
    dependencies:
      '@inquirer/core': 11.2.1
      '@inquirer/type': 4.0.7

  '@inquirer/core@11.2.1':
    dependencies:
      '@inquirer/ansi': 2.0.7
      '@inquirer/figures': 2.0.7
      '@inquirer/type': 4.0.7
      cli-width: 4.1.0
      fast-wrap-ansi: 0.2.2
      mute-stream: 3.0.0
      signal-exit: 4.1.0

  '@inquirer/editor@5.2.2':
    dependencies:
      '@inquirer/core': 11.2.1
      '@inquirer/external-editor': 3.0.3
      '@inquirer/type': 4.0.7

  '@inquirer/expand@5.1.1':
    dependencies:
      '@inquirer/core': 11.2.1
      '@inquirer/type': 4.0.7

  '@inquirer/external-editor@3.0.3':
    dependencies:
      chardet: 2.2.0
      iconv-lite: 0.7.2

  '@inquirer/figures@2.0.7': {}

  '@inquirer/input@5.1.2':
    dependencies:
      '@inquirer/core': 11.2.1
      '@inquirer/type': 4.0.7

  '@inquirer/number@4.1.1':
    dependencies:
      '@inquirer/core': 11.2.1
      '@inquirer/type': 4.0.7

  '@inquirer/password@5.1.1':
    dependencies:
      '@inquirer/ansi': 2.0.7
      '@inquirer/core': 11.2.1
      '@inquirer/type': 4.0.7

  '@inquirer/prompts@8.5.2':
    dependencies:
      '@inquirer/checkbox': 5.2.1
      '@inquirer/confirm': 6.1.1
      '@inquirer/editor': 5.2.2
      '@inquirer/expand': 5.1.1
      '@inquirer/input': 5.1.2
      '@inquirer/number': 4.1.1
      '@inquirer/password': 5.1.1
      '@inquirer/rawlist': 5.3.1
      '@inquirer/search': 4.2.1
      '@inquirer/select': 5.2.1

  '@inquirer/rawlist@5.3.1':
    dependencies:
      '@inquirer/core': 11.2.1
      '@inquirer/type': 4.0.7

  '@inquirer/search@4.2.1':
    dependencies:
      '@inquirer/core': 11.2.1
      '@inquirer/figures': 2.0.7
      '@inquirer/type': 4.0.7

  '@inquirer/select@5.2.1':
    dependencies:
      '@inquirer/ansi': 2.0.7
      '@inquirer/core': 11.2.1
      '@inquirer/figures': 2.0.7
      '@inquirer/type': 4.0.7

  '@inquirer/type@4.0.7': {}

  '@pnpm/config.env-replace@1.1.0': {}

  '@pnpm/network.ca-file@1.0.2':
    dependencies:
      graceful-fs: 4.2.10

  '@pnpm/npm-conf@3.0.3':
    dependencies:
      '@pnpm/config.env-replace': 1.1.0
      '@pnpm/network.ca-file': 1.0.2
      config-chain: 1.1.13

  '@quenty/acceltween@2.7.0': {}

  '@quenty/baseobject@10.13.0':
    dependencies:
      '@quenty/loader': 10.11.0
      '@quenty/maid': 3.9.0

  '@quenty/binarysearch@2.4.0': {}

  '@quenty/binder@14.36.1':
    dependencies:
      '@quenty/baseobject': 10.13.0
      '@quenty/brio': 14.30.1
      '@quenty/canceltoken': 11.19.1
      '@quenty/instanceutils': 13.30.1
      '@quenty/linkutils': 13.30.1
      '@quenty/loader': 10.11.0
      '@quenty/maid': 3.9.0
      '@quenty/nevermore-test-runner': 1.4.0
      '@quenty/promise': 10.18.1
      '@quenty/rx': 13.28.3
      '@quenty/servicebag': 11.18.1
      '@quenty/signal': 7.13.1
      '@quenty/table': 3.9.2
      '@quenty/valueobject': 13.31.1
      '@quentystudios/jest-lua': 3.10.0-quenty.2

  '@quenty/blend@12.36.1':
    dependencies:
      '@quenty/acceltween': 2.7.0
      '@quenty/brio': 14.30.1
      '@quenty/ducktype': 5.11.0
      '@quenty/instanceutils': 13.30.1
      '@quenty/loader': 10.11.0
      '@quenty/maid': 3.9.0
      '@quenty/nevermore-test-runner': 1.4.0
      '@quenty/promise': 10.18.1
      '@quenty/rx': 13.28.3
      '@quenty/signal': 7.13.1
      '@quenty/spring': 10.12.0
      '@quenty/steputils': 3.6.3
      '@quenty/string': 3.3.7
      '@quenty/uiobjectutils': 6.29.1
      '@quenty/valuebaseutils': 13.30.1
      '@quenty/valueobject': 13.31.1
      '@quentystudios/jest-lua': 3.10.0-quenty.2

  '@quenty/brio@14.30.1':
    dependencies:
      '@quenty/loader': 10.11.0
      '@quenty/maid': 3.9.0
      '@quenty/nevermore-test-runner': 1.4.0
      '@quenty/rx': 13.28.3
      '@quenty/signal': 7.13.1
      '@quenty/steputils': 3.6.3
      '@quenty/table': 3.9.2
      '@quentystudios/jest-lua': 3.10.0-quenty.2

  '@quenty/cancellabledelay@3.6.2': {}

  '@quenty/canceltoken@11.19.1':
    dependencies:
      '@quenty/ducktype': 5.11.0
      '@quenty/loader': 10.11.0
      '@quenty/maid': 3.9.0
      '@quenty/promise': 10.18.1
      '@quenty/signal': 7.13.1

  '@quenty/characterutils@12.32.1':
    dependencies:
      '@quenty/brio': 14.30.1
      '@quenty/deferred': 2.3.2
      '@quenty/instanceutils': 13.30.1
      '@quenty/loader': 10.11.0
      '@quenty/maid': 3.9.0
      '@quenty/nevermore-test-runner': 1.4.0
      '@quenty/promise': 10.18.1
      '@quenty/rx': 13.28.3
      '@quentystudios/jest-lua': 3.10.0-quenty.2

  '@quenty/cli-output-helpers@1.17.0':
    dependencies:
      chalk: 4.1.2

  '@quenty/clienttranslator@14.37.1':
    dependencies:
      '@quenty/blend': 12.36.1
      '@quenty/enums': 1.3.0
      '@quenty/instanceutils': 13.30.1
      '@quenty/loader': 10.11.0
      '@quenty/maid': 3.9.0
      '@quenty/nevermore-test-runner': 1.4.0
      '@quenty/promise': 10.18.1
      '@quenty/promisemaid': 5.18.1
      '@quenty/pseudolocalize': 3.5.2
      '@quenty/rx': 13.28.3
      '@quenty/servicebag': 11.18.1
      '@quenty/string': 3.3.7
      '@quenty/table': 3.9.2
      '@quenty/valueobject': 13.31.1
      '@quentystudios/jest-lua': 3.10.0-quenty.2

  '@quenty/cmdrservice@13.45.2':
    dependencies:
      '@quenty/loader': 10.11.0
      '@quenty/maid': 3.9.0
      '@quenty/nevermore-test-runner': 1.4.0
      '@quenty/permissionprovider': 14.38.2
      '@quenty/promise': 10.18.1
      '@quenty/remoting': 12.32.1
      '@quenty/servicebag': 11.18.1
      '@quenty/string': 3.3.7
      '@quenty/templateprovider': 11.38.1
      '@quentystudios/cmdr': 1.12.0-quenty.0

  '@quenty/collectionserviceutils@8.31.1':
    dependencies:
      '@quenty/brio': 14.30.1
      '@quenty/loader': 10.11.0
      '@quenty/maid': 3.9.0
      '@quenty/rx': 13.28.3

  '@quenty/deferred@2.3.2': {}

  '@quenty/ducktype@5.11.0':
    dependencies:
      '@quenty/loader': 10.11.0

  '@quenty/enums@1.3.0':
    dependencies:
      '@quenty/loader': 10.11.0
      '@quentystudios/t': 3.0.0

  '@quenty/enumutils@3.4.6': {}

  '@quenty/grouputils@10.20.2':
    dependencies:
      '@quenty/loader': 10.11.0
      '@quenty/promise': 10.18.1

  '@quenty/insertserviceutils@10.18.1':
    dependencies:
      '@quenty/loader': 10.11.0
      '@quenty/promise': 10.18.1

  '@quenty/instanceutils@13.30.1':
    dependencies:
      '@quenty/brio': 14.30.1
      '@quenty/loader': 10.11.0
      '@quenty/maid': 3.9.0
      '@quenty/nevermore-test-runner': 1.4.0
      '@quenty/rx': 13.28.3
      '@quenty/symbol': 3.5.2
      '@quentystudios/jest-lua': 3.10.0-quenty.2

  '@quenty/linkutils@13.30.1':
    dependencies:
      '@quenty/brio': 14.30.1
      '@quenty/instanceutils': 13.30.1
      '@quenty/loader': 10.11.0
      '@quenty/maid': 3.9.0
      '@quenty/promise': 10.18.1
      '@quenty/rx': 13.28.3

  '@quenty/loader@10.11.0': {}

  '@quenty/maid@3.9.0':
    dependencies:
      '@quenty/loader': 10.11.0
      '@quenty/nevermore-test-runner': 1.4.0
      '@quentystudios/jest-lua': 3.10.0-quenty.2

  '@quenty/math@2.7.5': {}

  '@quenty/nevermore-cli-helpers@1.16.0':
    dependencies:
      '@quenty/cli-output-helpers': 1.17.0
      inquirer: 13.4.3
      latest-version: 9.0.0
      semver: 7.8.5
    transitivePeerDependencies:
      - '@types/node'

  '@quenty/nevermore-cli@4.33.1':
    dependencies:
      '@quenty/cli-output-helpers': 1.17.0
      '@quenty/nevermore-cli-helpers': 1.16.0
      '@quenty/nevermore-template-helpers': 1.18.0
      '@quenty/studio-bridge': 0.15.0
      execa: 9.6.1
      find-git-root: 1.1.0
      inquirer: 13.4.3
      node-fetch: 3.3.2
      typescript-memoize: 1.1.1
      yargs: 18.0.0
    transitivePeerDependencies:
      - '@types/node'
      - bufferutil
      - utf-8-validate

  '@quenty/nevermore-template-helpers@1.18.0':
    dependencies:
      '@quenty/cli-output-helpers': 1.17.0
      chalk: 4.1.2
      execa: 9.6.1
      handlebars: 4.7.9
      typescript-memoize: 1.1.1

  '@quenty/nevermore-test-runner@1.4.0':
    dependencies:
      '@quenty/loader': 10.11.0
      '@quentystudios/jest-lua': 3.10.0-quenty.2

  '@quenty/observablecollection@12.38.1':
    dependencies:
      '@quenty/baseobject': 10.13.0
      '@quenty/binarysearch': 2.4.0
      '@quenty/brio': 14.30.1
      '@quenty/ducktype': 5.11.0
      '@quenty/instanceutils': 13.30.1
      '@quenty/loader': 10.11.0
      '@quenty/maid': 3.9.0
      '@quenty/nevermore-test-runner': 1.4.0
      '@quenty/promise': 10.18.1
      '@quenty/rx': 13.28.3
      '@quenty/signal': 7.13.1
      '@quenty/steputils': 3.6.3
      '@quenty/symbol': 3.5.2
      '@quenty/table': 3.9.2
      '@quenty/valueobject': 13.31.1
      '@quentystudios/jest-lua': 3.10.0-quenty.2

  '@quenty/permissionprovider@14.38.2':
    dependencies:
      '@quenty/baseobject': 10.13.0
      '@quenty/brio': 14.30.1
      '@quenty/enums': 1.3.0
      '@quenty/grouputils': 10.20.2
      '@quenty/loader': 10.11.0
      '@quenty/maid': 3.9.0
      '@quenty/nevermore-test-runner': 1.4.0
      '@quenty/playerutils': 8.32.1
      '@quenty/promise': 10.18.1
      '@quenty/remoting': 12.32.1
      '@quenty/rx': 13.28.3
      '@quenty/servicebag': 11.18.1
      '@quenty/table': 3.9.2
      '@quentystudios/jest-lua': 3.10.0-quenty.2

  '@quenty/playerutils@8.32.1':
    dependencies:
      '@quenty/brio': 14.30.1
      '@quenty/characterutils': 12.32.1
      '@quenty/instanceutils': 13.30.1
      '@quenty/loader': 10.11.0
      '@quenty/maid': 3.9.0
      '@quenty/promise': 10.18.1
      '@quenty/rx': 13.28.3

  '@quenty/promise@10.18.1':
    dependencies:
      '@quenty/deferred': 2.3.2
      '@quenty/loader': 10.11.0
      '@quenty/maid': 3.9.0
      '@quenty/math': 2.7.5
      '@quenty/signal': 7.13.1

  '@quenty/promisemaid@5.18.1':
    dependencies:
      '@quenty/loader': 10.11.0
      '@quenty/maid': 3.9.0
      '@quenty/promise': 10.18.1

  '@quenty/pseudolocalize@3.5.2': {}

  '@quenty/remotefunctionutils@10.18.1':
    dependencies:
      '@quenty/loader': 10.11.0
      '@quenty/promise': 10.18.1

  '@quenty/remoting@12.32.1':
    dependencies:
      '@quenty/baseobject': 10.13.0
      '@quenty/brio': 14.30.1
      '@quenty/enums': 1.3.0
      '@quenty/instanceutils': 13.30.1
      '@quenty/loader': 10.11.0
      '@quenty/maid': 3.9.0
      '@quenty/promise': 10.18.1
      '@quenty/promisemaid': 5.18.1
      '@quenty/remotefunctionutils': 10.18.1
      '@quenty/rx': 13.28.3
      '@quenty/table': 3.9.2

  '@quenty/rx@13.28.3':
    dependencies:
      '@quenty/cancellabledelay': 3.6.2
      '@quenty/canceltoken': 11.19.1
      '@quenty/ducktype': 5.11.0
      '@quenty/loader': 10.11.0
      '@quenty/maid': 3.9.0
      '@quenty/nevermore-test-runner': 1.4.0
      '@quenty/promise': 10.18.1
      '@quenty/signal': 7.13.1
      '@quenty/symbol': 3.5.2
      '@quenty/table': 3.9.2
      '@quenty/throttle': 10.12.2
      '@quenty/typeutils': 1.3.0
      '@quentystudios/jest-lua': 3.10.0-quenty.2

  '@quenty/rxsignal@7.28.3':
    dependencies:
      '@quenty/loader': 10.11.0
      '@quenty/rx': 13.28.3

  '@quenty/servicebag@11.18.1':
    dependencies:
      '@quenty/baseobject': 10.13.0
      '@quenty/loader': 10.11.0
      '@quenty/signal': 7.13.1

  '@quenty/signal@7.13.1':
    dependencies:
      '@quenty/loader': 10.11.0

  '@quenty/spring@10.12.0':
    dependencies:
      '@quenty/ducktype': 5.11.0
      '@quenty/loader': 10.11.0

  '@quenty/steputils@3.6.3': {}

  '@quenty/string@3.3.7': {}

  '@quenty/studio-bridge@0.15.0':
    dependencies:
      '@quenty/cli-output-helpers': 1.17.0
      '@quenty/nevermore-cli-helpers': 1.16.0
      '@quenty/nevermore-template-helpers': 1.18.0
      execa: 9.6.1
      ws: 8.21.0
      yargs: 18.0.0
      zod: 4.4.3
    transitivePeerDependencies:
      - '@types/node'
      - bufferutil
      - utf-8-validate

  '@quenty/symbol@3.5.2': {}

  '@quenty/table@3.9.2': {}

  '@quenty/templateprovider@11.38.1':
    dependencies:
      '@quenty/baseobject': 10.13.0
      '@quenty/brio': 14.30.1
      '@quenty/collectionserviceutils': 8.31.1
      '@quenty/ducktype': 5.11.0
      '@quenty/enums': 1.3.0
      '@quenty/insertserviceutils': 10.18.1
      '@quenty/instanceutils': 13.30.1
      '@quenty/loader': 10.11.0
      '@quenty/maid': 3.9.0
      '@quenty/observablecollection': 12.38.1
      '@quenty/promise': 10.18.1
      '@quenty/promisemaid': 5.18.1
      '@quenty/remoting': 12.32.1
      '@quenty/rx': 13.28.3
      '@quenty/servicebag': 11.18.1
      '@quenty/string': 3.3.7
      '@quenty/table': 3.9.2

  '@quenty/throttle@10.12.2':
    dependencies:
      '@quenty/loader': 10.11.0
      '@quenty/nevermore-test-runner': 1.4.0
      '@quenty/typeutils': 1.3.0
      '@quentystudios/jest-lua': 3.10.0-quenty.2

  '@quenty/typeutils@1.3.0':
    dependencies:
      '@quenty/loader': 10.11.0

  '@quenty/uiobjectutils@6.29.1':
    dependencies:
      '@quenty/brio': 14.30.1
      '@quenty/enumutils': 3.4.6
      '@quenty/instanceutils': 13.30.1
      '@quenty/loader': 10.11.0
      '@quenty/rx': 13.28.3

  '@quenty/valuebaseutils@13.30.1':
    dependencies:
      '@quenty/brio': 14.30.1
      '@quenty/instanceutils': 13.30.1
      '@quenty/loader': 10.11.0
      '@quenty/promise': 10.18.1
      '@quenty/rx': 13.28.3
      '@quenty/rxsignal': 7.28.3

  '@quenty/valueobject@13.31.1':
    dependencies:
      '@quenty/brio': 14.30.1
      '@quenty/ducktype': 5.11.0
      '@quenty/loader': 10.11.0
      '@quenty/maid': 3.9.0
      '@quenty/rx': 13.28.3
      '@quenty/signal': 7.13.1
      '@quenty/valuebaseutils': 13.30.1

  '@quentystudios/cmdr@1.12.0-quenty.0': {}

  '@quentystudios/jest-lua@3.10.0-quenty.2': {}

  '@quentystudios/t@3.0.0': {}

  '@sec-ant/readable-stream@0.4.1': {}

  '@sindresorhus/merge-streams@4.0.0': {}

  ansi-regex@6.2.2: {}

  ansi-styles@4.3.0:
    dependencies:
      color-convert: 2.0.1

  ansi-styles@6.2.3: {}

  chalk@4.1.2:
    dependencies:
      ansi-styles: 4.3.0
      supports-color: 7.2.0

  chardet@2.2.0: {}

  cli-width@4.1.0: {}

  cliui@9.0.1:
    dependencies:
      string-width: 7.2.0
      strip-ansi: 7.2.0
      wrap-ansi: 9.0.2

  color-convert@2.0.1:
    dependencies:
      color-name: 1.1.4

  color-name@1.1.4: {}

  config-chain@1.1.13:
    dependencies:
      ini: 1.3.8
      proto-list: 1.2.4

  cross-spawn@7.0.6:
    dependencies:
      path-key: 3.1.1
      shebang-command: 2.0.0
      which: 2.0.2

  data-uri-to-buffer@4.0.1: {}

  deep-extend@0.6.0: {}

  emoji-regex@10.6.0: {}

  escalade@3.2.0: {}

  execa@9.6.1:
    dependencies:
      '@sindresorhus/merge-streams': 4.0.0
      cross-spawn: 7.0.6
      figures: 6.1.0
      get-stream: 9.0.1
      human-signals: 8.0.1
      is-plain-obj: 4.1.0
      is-stream: 4.0.1
      npm-run-path: 6.0.0
      pretty-ms: 9.3.0
      signal-exit: 4.1.0
      strip-final-newline: 4.0.0
      yoctocolors: 2.1.2

  fast-string-truncated-width@3.0.3: {}

  fast-string-width@3.0.2:
    dependencies:
      fast-string-truncated-width: 3.0.3

  fast-wrap-ansi@0.2.2:
    dependencies:
      fast-string-width: 3.0.2

  fetch-blob@3.2.0:
    dependencies:
      node-domexception: 1.0.0
      web-streams-polyfill: 3.3.3

  figures@6.1.0:
    dependencies:
      is-unicode-supported: 2.1.0

  find-git-root@1.1.0: {}

  formdata-polyfill@4.0.10:
    dependencies:
      fetch-blob: 3.2.0

  get-caller-file@2.0.5: {}

  get-east-asian-width@1.6.0: {}

  get-stream@9.0.1:
    dependencies:
      '@sec-ant/readable-stream': 0.4.1
      is-stream: 4.0.1

  graceful-fs@4.2.10: {}

  handlebars@4.7.9:
    dependencies:
      minimist: 1.2.8
      neo-async: 2.6.2
      source-map: 0.6.1
      wordwrap: 1.0.0
    optionalDependencies:
      uglify-js: 3.19.3

  has-flag@4.0.0: {}

  human-signals@8.0.1: {}

  iconv-lite@0.7.2:
    dependencies:
      safer-buffer: 2.1.2

  ini@1.3.8: {}

  inquirer@13.4.3:
    dependencies:
      '@inquirer/ansi': 2.0.7
      '@inquirer/core': 11.2.1
      '@inquirer/prompts': 8.5.2
      '@inquirer/type': 4.0.7
      mute-stream: 3.0.0
      run-async: 4.0.6
      rxjs: 7.8.2

  is-plain-obj@4.1.0: {}

  is-stream@4.0.1: {}

  is-unicode-supported@2.1.0: {}

  isexe@2.0.0: {}

  ky@1.14.3: {}

  latest-version@9.0.0:
    dependencies:
      package-json: 10.0.1

  minimist@1.2.8: {}

  mute-stream@3.0.0: {}

  neo-async@2.6.2: {}

  node-domexception@1.0.0: {}

  node-fetch@3.3.2:
    dependencies:
      data-uri-to-buffer: 4.0.1
      fetch-blob: 3.2.0
      formdata-polyfill: 4.0.10

  npm-run-path@6.0.0:
    dependencies:
      path-key: 4.0.0
      unicorn-magic: 0.3.0

  package-json@10.0.1:
    dependencies:
      ky: 1.14.3
      registry-auth-token: 5.1.1
      registry-url: 6.0.1
      semver: 7.8.5

  parse-ms@4.0.0: {}

  path-key@3.1.1: {}

  path-key@4.0.0: {}

  pretty-ms@9.3.0:
    dependencies:
      parse-ms: 4.0.0

  proto-list@1.2.4: {}

  rc@1.2.8:
    dependencies:
      deep-extend: 0.6.0
      ini: 1.3.8
      minimist: 1.2.8
      strip-json-comments: 2.0.1

  registry-auth-token@5.1.1:
    dependencies:
      '@pnpm/npm-conf': 3.0.3

  registry-url@6.0.1:
    dependencies:
      rc: 1.2.8

  run-async@4.0.6: {}

  rxjs@7.8.2:
    dependencies:
      tslib: 2.8.1

  safer-buffer@2.1.2: {}

  semver@7.8.5: {}

  shebang-command@2.0.0:
    dependencies:
      shebang-regex: 3.0.0

  shebang-regex@3.0.0: {}

  signal-exit@4.1.0: {}

  source-map@0.6.1: {}

  string-width@7.2.0:
    dependencies:
      emoji-regex: 10.6.0
      get-east-asian-width: 1.6.0
      strip-ansi: 7.2.0

  strip-ansi@7.2.0:
    dependencies:
      ansi-regex: 6.2.2

  strip-final-newline@4.0.0: {}

  strip-json-comments@2.0.1: {}

  supports-color@7.2.0:
    dependencies:
      has-flag: 4.0.0

  tslib@2.8.1: {}

  typescript-memoize@1.1.1: {}

  uglify-js@3.19.3:
    optional: true

  unicorn-magic@0.3.0: {}

  web-streams-polyfill@3.3.3: {}

  which@2.0.2:
    dependencies:
      isexe: 2.0.0

  wordwrap@1.0.0: {}

  wrap-ansi@9.0.2:
    dependencies:
      ansi-styles: 6.2.3
      string-width: 7.2.0
      strip-ansi: 7.2.0

  ws@8.21.0: {}

  y18n@5.0.8: {}

  yargs-parser@22.0.0: {}

  yargs@18.0.0:
    dependencies:
      cliui: 9.0.1
      escalade: 3.2.0
      get-caller-file: 2.0.5
      string-width: 7.2.0
      y18n: 5.0.8
      yargs-parser: 22.0.0

  yoctocolors@2.1.2: {}

  zod@4.4.3: {}
